
Microsoft Visual Studio Solution File, Format Version 12.00
# Visual Studio 15
VisualStudioVersion = 15.0.28307.329
MinimumVisualStudioVersion = 10.0.40219.1
Project("{FAE04EC0-301F-11D3-BF4B-00C04F79EFBC}") = "InterfacePlay", "InterfacePlay\InterfacePlay.csproj", "{B8CCB340-FB53-41CF-8C17-E0A0E02A6970}"
EndProject
Project("{FAE04EC0-301F-11D3-BF4B-00C04F79EFBC}") = "InterfacePlayTest", "InterfacePlayTest\InterfacePlayTest.csproj", "{CF471DA2-06C6-41E9-84F9-423AF86BB590}"
EndProject
Global
	GlobalSection(SolutionConfigurationPlatforms) = preSolution
		Debug|Any CPU = Debug|Any CPU
		Release|Any CPU = Release|Any CPU
	EndGlobalSection
	GlobalSection(ProjectConfigurationPlatforms) = postSolution
		{B8CCB340-FB53-41CF-8C17-E0A0E02A6970}.Debug|Any CPU.ActiveCfg = Debug|Any CPU
		{B8CCB340-FB53-41CF-8C17-E0A0E02A6970}.Debug|Any CPU.Build.0 = Debug|Any CPU
		{B8CCB340-FB53-41CF-8C17-E0A0E02A6970}.Release|Any CPU.ActiveCfg = Release|Any CPU
		{B8CCB340-FB53-41CF-8C17-E0A0E02A6970}.Release|Any CPU.Build.0 = Release|Any CPU
		{CF471DA2-06C6-41E9-84F9-423AF86BB590}.Debug|Any CPU.ActiveCfg = Debug|Any CPU
		{CF471DA2-06C6-41E9-84F9-423AF86BB590}.Debug|Any CPU.Build.0 = Debug|Any CPU
		{CF471DA2-06C6-41E9-84F9-423AF86BB590}.Release|Any CPU.ActiveCfg = Release|Any CPU
		{CF471DA2-06C6-41E9-84F9-423AF86BB590}.Release|Any CPU.Build.0 = Release|Any CPU
	EndGlobalSection
	GlobalSection(SolutionProperties) = preSolution
		HideSolutionNode = FALSE
	EndGlobalSection
	GlobalSection(ExtensibilityGlobals) = postSolution
		SolutionGuid = {36AD5984-36D4-4F2F-9163-DAB15A5B78E8}
	EndGlobalSection
EndGlobal
